<Project xmlns="http://schemas.microsoft.com/developer/msbuild/2003">
    <PropertyGroup>
        <ProjectGuid>{BFADF9BD-6467-42B1-8206-6830043664BB}</ProjectGuid>
        <ProjectVersion>18.4</ProjectVersion>
        <FrameworkType>VCL</FrameworkType>
        <MainSource>vcl.dpr</MainSource>
        <Base>True</Base>
        <Config Condition="'$(Config)'==''">Debug</Config>
        <Platform Condition="'$(Platform)'==''">Win32</Platform>
        <TargetedPlatforms>3</TargetedPlatforms>
        <AppType>Application</AppType>
    </PropertyGroup>
    <PropertyGroup Condition="'$(Config)'=='Base' or '$(Base)'!=''">
        <Base>true</Base>
    </PropertyGroup>
    <PropertyGroup Condition="('$(Platform)'=='Win32' and '$(Base)'=='true') or '$(Base_Win32)'!=''">
        <Base_Win32>true</Base_Win32>
        <CfgParent>Base</CfgParent>
        <Base>true</Base>
    </PropertyGroup>
    <PropertyGroup Condition="('$(Platform)'=='Win64' and '$(Base)'=='true') or '$(Base_Win64)'!=''">
        <Base_Win64>true</Base_Win64>
        <CfgParent>Base</CfgParent>
        <Base>true</Base>
    </PropertyGroup>
    <PropertyGroup Condition="'$(Config)'=='Debug' or '$(Cfg_1)'!=''">
        <Cfg_1>true</Cfg_1>
        <CfgParent>Base</CfgParent>
        <Base>true</Base>
    </PropertyGroup>
    <PropertyGroup Condition="('$(Platform)'=='Win32' and '$(Cfg_1)'=='true') or '$(Cfg_1_Win32)'!=''">
        <Cfg_1_Win32>true</Cfg_1_Win32>
        <CfgParent>Cfg_1</CfgParent>
        <Cfg_1>true</Cfg_1>
        <Base>true</Base>
    </PropertyGroup>
    <PropertyGroup Condition="('$(Platform)'=='Win64' and '$(Cfg_1)'=='true') or '$(Cfg_1_Win64)'!=''">
        <Cfg_1_Win64>true</Cfg_1_Win64>
        <CfgParent>Cfg_1</CfgParent>
        <Cfg_1>true</Cfg_1>
        <Base>true</Base>
    </PropertyGroup>
    <PropertyGroup Condition="'$(Config)'=='Release' or '$(Cfg_2)'!=''">
        <Cfg_2>true</Cfg_2>
        <CfgParent>Base</CfgParent>
        <Base>true</Base>
    </PropertyGroup>
    <PropertyGroup Condition="('$(Platform)'=='Win32' and '$(Cfg_2)'=='true') or '$(Cfg_2_Win32)'!=''">
        <Cfg_2_Win32>true</Cfg_2_Win32>
        <CfgParent>Cfg_2</CfgParent>
        <Cfg_2>true</Cfg_2>
        <Base>true</Base>
    </PropertyGroup>
    <PropertyGroup Condition="('$(Platform)'=='Win64' and '$(Cfg_2)'=='true') or '$(Cfg_2_Win64)'!=''">
        <Cfg_2_Win64>true</Cfg_2_Win64>
        <CfgParent>Cfg_2</CfgParent>
        <Cfg_2>true</Cfg_2>
        <Base>true</Base>
    </PropertyGroup>
    <PropertyGroup Condition="'$(Base)'!=''">
        <DCC_DcuOutput>.\$(Platform)\$(Config)</DCC_DcuOutput>
        <DCC_ExeOutput>.\$(Platform)\$(Config)</DCC_ExeOutput>
        <DCC_E>false</DCC_E>
        <DCC_N>false</DCC_N>
        <DCC_S>false</DCC_S>
        <DCC_F>false</DCC_F>
        <DCC_K>false</DCC_K>
        <DCC_UsePackage>RESTBackendComponents;CloudService;soaprtl;soapmidas;RESTComponents;emsclientfiredac;DataSnapFireDAC;FireDACIBDriver;emsclient;FireDACCommon;soapserver;FireDACCommonDriver;inet;FireDAC;FireDACSqliteDriver;$(DCC_UsePackage)</DCC_UsePackage>
        <DCC_Namespace>System;Xml;Data;Datasnap;Web;Soap;Vcl;Vcl.Imaging;Vcl.Touch;Vcl.Samples;Vcl.Shell;$(DCC_Namespace)</DCC_Namespace>
        <Icon_MainIcon>$(BDS)\bin\delphi_PROJECTICON.ico</Icon_MainIcon>
        <UWP_DelphiLogo44>$(BDS)\bin\Artwork\Windows\UWP\delphi_UwpDefault_44.png</UWP_DelphiLogo44>
        <UWP_DelphiLogo150>$(BDS)\bin\Artwork\Windows\UWP\delphi_UwpDefault_150.png</UWP_DelphiLogo150>
        <SanitizedProjectName>vcl</SanitizedProjectName>
        <DCC_Define>SKIA;$(DCC_Define)</DCC_Define>
    </PropertyGroup>
    <PropertyGroup Condition="'$(Base_Win32)'!=''">
        <DCC_UsePackage>DBXSqliteDriver;DBXDb2Driver;vclactnband;vclFireDAC;tethering;FireDACADSDriver;ACBr_BPeDabpeESCPOS;ACBr_BPe;pckUserControl_DT;JvPluginSystem;FireDACMSSQLDriver;vcltouch;ACBr_NFe;ACBr_NFeDanfeFR;vcldb;JvBands;svn;JvJans;ACBr_NFeDanfeESCPOS;pckUserControl_RT;ACBr_OFX;JvDotNetCtrls;ACBr_SATExtratoFR;FireDACDBXDriver;ACBr_NFSeDanfseFR;vclx;ACBr_SATExtratoRL;ACBr_GTIN;ACBr_Reinf;VCLRESTComponents;Skia.Package.FMX;vclie;fs25;bindengine;ACBr_PAF;FireDACMySQLDriver;JvHMI;ACBr_SATECFVirtual;pckUCDataConnector;DataSnapClient;bindcompdbx;ACBr_CTeDacteRL;ACBr_TCP;DBXSybaseASEDriver;IndyIPServer;ACBr_CTe;IndySystem;ACBr_PagFor;dsnapcon;ACBre_Social;FireDACMSAccDriver;fmxFireDAC;FireDACInfxDriver;vclimg;fsADO25;ACBr_SPEDImportar;Jcl;ACBr_SPED;ACBr_MDFe;emshosting;ACBr_BoletoRL;ACBr_LFD;frxADO25;DBXOdbcDriver;FireDACTDataDriver;FMXTee;DbxCommonDriver;ACBr_CIOT;ACBr_NFSeDanfseRL;JvManagedThreads;xmlrtl;DataSnapNativeClient;fmxobj;frx25;JvTimeFramework;rtl;DbxClientDriver;DBXSybaseASADriver;JvSystem;JvStdCtrls;fsDB25;ACBr_Convenio115;appanalytics;IndyIPClient;bindcompvcl;TeeUI;ACBr_NFSeXDANFSeFR;JvDocking;JvPascalInterpreter;VclSmp;FireDACODBCDriver;JclVcl;DataSnapIndy10ServerTransport;ACBr_Boleto;DataSnapProviderClient;ACBr_SEF2;FireDACMongoDBDriver;JvControls;JvPrintPreview;ACBr_MDFeDamdfeFR;ACBr_NFSe;DataSnapServerMidas;pckFireDacConn;DBXInterBaseDriver;ACBr_NF3e;ACBr_TEFD;ACBr_SATWS;svnui;JvGlobus;frxe25;DBXMSSQLDriver;JvMM;ACBr_MDFeDamdfeRL;DatasnapConnectorsFreePascal;ACBr_EDI;ACBr_ONE;bindcompfmx;JvNet;DBXOracleDriver;inetdb;JvAppFrm;ACBr_Diversos;ACBr_GNREGuiaFR;FmxTeeUI;emsedge;ACBr_LCDPR;fmx;fmxdae;frxDB25;ACBr_CTeDacteFR;frxTee25;JvWizards;ACBr_Ponto;dbexpress;IndyCore;JvPageComps;dsnap;DataSnapCommon;fsTee25;JvDB;ACBr_NFSeX;DataSnapConnectors;ACBR_DeSTDA;Skia.Package.VCL;ACBr_SAT;JclDeveloperTools;QRWRunDXE10_2_w64;FireDACOracleDriver;DBXMySQLDriver;JvCmp;DBXFirebirdDriver;ACBr_Sintegra;FireDACCommonODBC;ACBr_GNRE;ACBr_ADRCST;IndyIPCommon;JvCustom;vcl;ACBr_NFeDanfeRL;ACBr_SATExtratoESCPOS;JvXPCtrls;FireDACDb2Driver;ACBr_Integrador;pckHistorico;TeeDB;JvCore;ACBr_Comum;JvCrypt;FireDACPgDriver;ACBr_GNREGuiaRL;FireDACASADriver;JvDlgs;JvRuntimeDesign;Tee;DataSnapServer;vclwinx;FireDACDSDriver;ACBr_OpenSSL;pckMD5;CustomIPTransport;vcldsnap;ACBr_PIXCD;bindcomp;ACBr_Serial;DBXInformixDriver;frxDBX25;frce;Skia.Package.RTL;ACBr_NFSeXDanfseRL;ACBr_BlocoX;dbxcds;ACBr_NFCeECFVirtual;adortl;ACBr_BoletoFR;ACBr_ANe;dsnapxml;dbrtl;inetdbxpress;IndyProtocols;JclContainers;ACBr_NF3eDANF3eESCPOS;ACBr_MTER;TCFLib100;fmxase;$(DCC_UsePackage)</DCC_UsePackage>
        <DCC_Namespace>Winapi;System.Win;Data.Win;Datasnap.Win;Web.Win;Soap.Win;Xml.Win;Bde;$(DCC_Namespace)</DCC_Namespace>
        <BT_BuildType>Debug</BT_BuildType>
        <VerInfo_IncludeVerInfo>true</VerInfo_IncludeVerInfo>
        <VerInfo_Keys>CompanyName=;FileDescription=$(MSBuildProjectName);FileVersion=1.0.0.0;InternalName=;LegalCopyright=;LegalTrademarks=;OriginalFilename=;ProgramID=com.embarcadero.$(MSBuildProjectName);ProductName=$(MSBuildProjectName);ProductVersion=1.0.0.0;Comments=</VerInfo_Keys>
        <VerInfo_Locale>1033</VerInfo_Locale>
        <Manifest_File>$(BDS)\bin\default_app.manifest</Manifest_File>
    </PropertyGroup>
    <PropertyGroup Condition="'$(Base_Win64)'!=''">
        <DCC_UsePackage>DBXSqliteDriver;DBXDb2Driver;vclactnband;vclFireDAC;tethering;FireDACADSDriver;pckUserControl_DT;FireDACMSSQLDriver;vcltouch;vcldb;FireDACDBXDriver;vclx;VCLRESTComponents;Skia.Package.FMX;vclie;bindengine;FireDACMySQLDriver;pckUCDataConnector;DataSnapClient;bindcompdbx;DBXSybaseASEDriver;IndyIPServer;IndySystem;dsnapcon;FireDACMSAccDriver;fmxFireDAC;FireDACInfxDriver;vclimg;emshosting;DBXOdbcDriver;FireDACTDataDriver;FMXTee;DbxCommonDriver;xmlrtl;DataSnapNativeClient;fmxobj;rtl;DbxClientDriver;DBXSybaseASADriver;appanalytics;IndyIPClient;bindcompvcl;TeeUI;VclSmp;FireDACODBCDriver;DataSnapIndy10ServerTransport;DataSnapProviderClient;FireDACMongoDBDriver;DataSnapServerMidas;pckFireDacConn;DBXInterBaseDriver;DBXMSSQLDriver;DatasnapConnectorsFreePascal;bindcompfmx;DBXOracleDriver;inetdb;FmxTeeUI;emsedge;fmx;fmxdae;dbexpress;IndyCore;dsnap;DataSnapCommon;DataSnapConnectors;Skia.Package.VCL;QRWRunDXE10_2_w64;FireDACOracleDriver;DBXMySQLDriver;DBXFirebirdDriver;FireDACCommonODBC;IndyIPCommon;vcl;FireDACDb2Driver;pckHistorico;TeeDB;FireDACPgDriver;FireDACASADriver;Tee;DataSnapServer;vclwinx;FireDACDSDriver;pckMD5;CustomIPTransport;vcldsnap;bindcomp;DBXInformixDriver;Skia.Package.RTL;dbxcds;adortl;dsnapxml;dbrtl;inetdbxpress;IndyProtocols;fmxase;$(DCC_UsePackage)</DCC_UsePackage>
        <DCC_Namespace>Winapi;System.Win;Data.Win;Datasnap.Win;Web.Win;Soap.Win;Xml.Win;$(DCC_Namespace)</DCC_Namespace>
        <BT_BuildType>Debug</BT_BuildType>
        <VerInfo_IncludeVerInfo>true</VerInfo_IncludeVerInfo>
        <VerInfo_Keys>CompanyName=;FileDescription=$(MSBuildProjectName);FileVersion=1.0.0.0;InternalName=;LegalCopyright=;LegalTrademarks=;OriginalFilename=;ProgramID=com.embarcadero.$(MSBuildProjectName);ProductName=$(MSBuildProjectName);ProductVersion=1.0.0.0;Comments=</VerInfo_Keys>
        <VerInfo_Locale>1033</VerInfo_Locale>
        <Manifest_File>$(BDS)\bin\default_app.manifest</Manifest_File>
    </PropertyGroup>
    <PropertyGroup Condition="'$(Cfg_1)'!=''">
        <DCC_Define>DEBUG;$(DCC_Define)</DCC_Define>
        <DCC_DebugDCUs>true</DCC_DebugDCUs>
        <DCC_Optimize>false</DCC_Optimize>
        <DCC_GenerateStackFrames>true</DCC_GenerateStackFrames>
        <DCC_DebugInfoInExe>true</DCC_DebugInfoInExe>
        <DCC_RemoteDebug>true</DCC_RemoteDebug>
    </PropertyGroup>
    <PropertyGroup Condition="'$(Cfg_1_Win32)'!=''">
        <DCC_RemoteDebug>false</DCC_RemoteDebug>
        <AppEnableRuntimeThemes>true</AppEnableRuntimeThemes>
        <AppEnableHighDPI>true</AppEnableHighDPI>
        <DCC_ExeOutput>..\output\app\exec\$(Platform)\$(Config)</DCC_ExeOutput>
        <DCC_DcpOutput>..\output\app\dcu\$(Platform)\$(Config)</DCC_DcpOutput>
        <DCC_DcuOutput>..\output\app\dcu\$(Platform)\$(Config)</DCC_DcuOutput>
        <VerInfo_IncludeVerInfo>true</VerInfo_IncludeVerInfo>
        <VerInfo_Locale>1033</VerInfo_Locale>
    </PropertyGroup>
    <PropertyGroup Condition="'$(Cfg_1_Win64)'!=''">
        <AppEnableRuntimeThemes>true</AppEnableRuntimeThemes>
        <AppEnableHighDPI>true</AppEnableHighDPI>
    </PropertyGroup>
    <PropertyGroup Condition="'$(Cfg_2)'!=''">
        <DCC_LocalDebugSymbols>false</DCC_LocalDebugSymbols>
        <DCC_Define>RELEASE;$(DCC_Define)</DCC_Define>
        <DCC_SymbolReferenceInfo>0</DCC_SymbolReferenceInfo>
        <DCC_DebugInformation>0</DCC_DebugInformation>
    </PropertyGroup>
    <PropertyGroup Condition="'$(Cfg_2_Win32)'!=''">
        <AppEnableRuntimeThemes>true</AppEnableRuntimeThemes>
        <AppEnableHighDPI>true</AppEnableHighDPI>
    </PropertyGroup>
    <PropertyGroup Condition="'$(Cfg_2_Win64)'!=''">
        <AppEnableRuntimeThemes>true</AppEnableRuntimeThemes>
        <AppEnableHighDPI>true</AppEnableHighDPI>
    </PropertyGroup>
    <ItemGroup>
        <DelphiCompile Include="$(MainSource)">
            <MainSource>MainSource</MainSource>
        </DelphiCompile>
        <DCCReference Include="App\Module\Brand\View\uBrand.CreateUpdate.View.pas"/>
        <DCCReference Include="App\Module\Brand\MemTable\uBrand.MTB.pas"/>
        <DCCReference Include="App\Module\Brand\Service\uBrand.Service.pas"/>
        <DCCReference Include="App\Module\Brand\View\uBrand.Index.View.pas"/>
        <DCCReference Include="App\Module\Person\MemTable\uPerson.MTB.pas"/>
        <DCCReference Include="App\Shared\Infra\uHlp.pas"/>
        <DCCReference Include="App\Module\Person\View\uPerson.CreateUpdate.View.pas"/>
        <DCCReference Include="App\Shared\Presentation\uBase.Index.View.pas">
            <Form>BaseIndexView</Form>
            <FormType>dfm</FormType>
        </DCCReference>
        <DCCReference Include="App\Shared\Domain\Entity\uEntity.MemTable.Interfaces.pas"/>
        <DCCReference Include="App\Module\Person\View\uPersonContact.CreateUpdate.View.pas"/>
        <DCCReference Include="Config\Infra\uSession.DTM.pas">
            <Form>SessionDTM</Form>
            <FormType>dfm</FormType>
            <DesignClass>TDataModule</DesignClass>
        </DCCReference>
        <DCCReference Include="App\Module\Person\Service\uPerson.Service.pas"/>
        <DCCReference Include="App\Module\Person\View\uPerson.Index.View.pas">
            <Form>PersonIndexView</Form>
            <FormType>dfm</FormType>
        </DCCReference>
        <DCCReference Include="App\Shared\Presentation\uMain.View.pas">
            <Form>MainView</Form>
            <FormType>dfm</FormType>
        </DCCReference>
        <DCCReference Include="App\Shared\Infra\uApplication.Types.pas"/>
        <DCCReference Include="App\Shared\Presentation\uNotificationView.pas">
            <Form>NotificationView</Form>
            <FormType>dfm</FormType>
        </DCCReference>
        <DCCReference Include="App\Shared\Presentation\uYesOrNo.View.pas">
            <Form>YesOrNoView</Form>
            <FormType>dfm</FormType>
        </DCCReference>
        <DCCReference Include="App\Shared\Presentation\uAlert.View.pas">
            <Form>AlertView</Form>
            <FormType>dfm</FormType>
        </DCCReference>
        <DCCReference Include="App\Shared\Presentation\uBase.CreateUpdate.View.pas">
            <Form>BaseCreateUpdateView</Form>
            <FormType>dfm</FormType>
        </DCCReference>
        <DCCReference Include="App\Module\AclUser\View\uLogin.View.pas">
            <Form>LoginView</Form>
            <FormType>dfm</FormType>
        </DCCReference>
        <DCCReference Include="App\Shared\Domain\Entity\uBase.Entity.pas"/>
        <DCCReference Include="App\Shared\Infra\uIndexResult.pas"/>
        <DCCReference Include="App\Shared\Infra\uHandle.Exception.pas"/>
        <DCCReference Include="App\Shared\Infra\uPageFilter.pas"/>
        <DCCReference Include="App\Shared\Infra\uReq.pas"/>
        <DCCReference Include="App\Shared\Domain\Entity\uObservable.pas"/>
        <DCCReference Include="App\Shared\Domain\Entity\uObserver.pas"/>
        <DCCReference Include="App\Shared\Infra\uMemTable.Factory.pas"/>
        <DCCReference Include="App\Shared\Infra\uEnv.pas"/>
        <DCCReference Include="App\Module\AclUser\Entity\uUserLogged.pas"/>
        <DCCReference Include="App\Module\AclUser\Entity\uAclUser.pas"/>
        <DCCReference Include="App\Module\AclRole\Entity\uAclRole.pas"/>
        <DCCReference Include="App\Shared\Infra\uEither.pas"/>
        <DCCReference Include="App\Shared\Infra\uSearchColumns.pas"/>
        <DCCReference Include="App\Module\City\View\uCity.Index.View.pas">
            <Form>CityIndexView</Form>
            <FormType>dfm</FormType>
        </DCCReference>
        <DCCReference Include="App\Module\City\View\uCity.CreateUpdate.View.pas">
            <Form>CityCreateUpdateView</Form>
            <FormType>dfm</FormType>
        </DCCReference>
        <DCCReference Include="App\Module\City\Service\uCity.Service.pas"/>
        <DCCReference Include="App\Module\City\MemTable\uCity.MTB.pas"/>
        <DCCReference Include="App\Shared\Lib\uSearchLegalEntityNumber.Lib.pas"/>
        <DCCReference Include="App\Shared\Lib\uSearchZipCode.Lib.pas"/>
        <DCCReference Include="App\Module\AppParam\Service\uAppParam.Service.pas"/>
        <DCCReference Include="App\Module\AppParam\MemTable\uAppParam.MTB.pas"/>
        <DCCReference Include="App\Module\AppParam\Entity\uAppParam.pas"/>
        <DCCReference Include="App\Module\Category\View\uCategory.Index.View.pas">
            <Form>CategoryIndexView</Form>
            <FormType>dfm</FormType>
        </DCCReference>
        <DCCReference Include="App\Module\Category\View\uCategory.CreateUpdate.View.pas">
            <Form>CategoryCreateUpdateView</Form>
            <FormType>dfm</FormType>
        </DCCReference>
        <DCCReference Include="App\Module\Category\Service\uCategory.Service.pas"/>
        <DCCReference Include="App\Module\Category\MemTable\uCategory.MTB.pas"/>
        <DCCReference Include="App\Module\Size\View\uSize.Index.View.pas">
            <Form>SizeIndexView</Form>
            <FormType>dfm</FormType>
        </DCCReference>
        <DCCReference Include="App\Module\Size\View\uSize.CreateUpdate.View.pas">
            <Form>SizeCreateUpdateView</Form>
            <FormType>dfm</FormType>
        </DCCReference>
        <DCCReference Include="App\Module\Size\Service\uSize.Service.pas"/>
        <DCCReference Include="App\Module\Size\MemTable\uSize.MTB.pas"/>
        <DCCReference Include="App\Module\Unit\View\uUnit.Index.View.pas">
            <Form>UnitIndexView</Form>
            <FormType>dfm</FormType>
        </DCCReference>
        <DCCReference Include="App\Module\Unit\View\uUnit.CreateUpdate.View.pas">
            <Form>UnitCreateUpdateView</Form>
            <FormType>dfm</FormType>
        </DCCReference>
        <DCCReference Include="App\Module\Unit\Service\uUnit.Service.pas"/>
        <DCCReference Include="App\Module\Unit\MemTable\uUnit.MTB.pas"/>
        <DCCReference Include="App\Module\StorageLocation\View\uStorageLocation.Index.View.pas">
            <Form>StorageLocationIndexView</Form>
            <FormType>dfm</FormType>
        </DCCReference>
        <DCCReference Include="App\Module\StorageLocation\View\uStorageLocation.CreateUpdate.View.pas">
            <Form>StorageLocationCreateUpdateView</Form>
            <FormType>dfm</FormType>
        </DCCReference>
        <DCCReference Include="App\Module\StorageLocation\Service\uStorageLocation.Service.pas"/>
        <DCCReference Include="App\Module\StorageLocation\MemTable\uStorageLocation.MTB.pas"/>
        <DCCReference Include="App\Module\NCM\View\uNCM.Index.View.pas">
            <Form>NCMIndexView</Form>
            <FormType>dfm</FormType>
        </DCCReference>
        <DCCReference Include="App\Module\NCM\View\uNCM.CreateUpdate.View.pas">
            <Form>NCMCreateUpdateView</Form>
            <FormType>dfm</FormType>
        </DCCReference>
        <DCCReference Include="App\Module\NCM\Service\uNCM.Service.pas"/>
        <DCCReference Include="App\Module\NCM\MemTable\uNCM.MTB.pas"/>
        <DCCReference Include="App\Module\CostCenter\View\uCostCenter.Index.View.pas">
            <Form>CostCenterIndexView</Form>
            <FormType>dfm</FormType>
        </DCCReference>
        <DCCReference Include="App\Module\CostCenter\View\uCostCenter.CreateUpdate.View.pas">
            <Form>CostCenterCreateUpdateView</Form>
            <FormType>dfm</FormType>
        </DCCReference>
        <DCCReference Include="App\Module\CostCenter\Service\uCostCenter.Service.pas"/>
        <DCCReference Include="App\Module\CostCenter\MemTable\uCostCenter.MTB.pas"/>
        <DCCReference Include="App\Module\Bank\View\uBank.Index.View.pas">
            <Form>BankIndexView</Form>
            <FormType>dfm</FormType>
        </DCCReference>
        <DCCReference Include="App\Module\Bank\View\uBank.CreateUpdate.View.pas">
            <Form>BankCreateUpdateView</Form>
            <FormType>dfm</FormType>
        </DCCReference>
        <DCCReference Include="App\Module\Bank\Service\uBank.Service.pas"/>
        <DCCReference Include="App\Module\Bank\MemTable\uBank.MTB.pas"/>
        <DCCReference Include="App\Module\BankAccount\View\uBankAccount.Index.View.pas">
            <Form>BankAccountIndexView</Form>
            <FormType>dfm</FormType>
        </DCCReference>
        <DCCReference Include="App\Module\BankAccount\View\uBankAccount.CreateUpdate.View.pas">
            <Form>BankAccountCreateUpdateView</Form>
            <FormType>dfm</FormType>
        </DCCReference>
        <DCCReference Include="App\Module\BankAccount\Service\uBankAccount.Service.pas"/>
        <DCCReference Include="App\Module\BankAccount\MemTable\uBankAccount.MTB.pas"/>
        <DCCReference Include="App\Module\Document\View\uDocument.Index.View.pas">
            <Form>DocumentIndexView</Form>
            <FormType>dfm</FormType>
        </DCCReference>
        <DCCReference Include="App\Module\Document\View\uDocument.CreateUpdate.View.pas">
            <Form>DocumentCreateUpdateView</Form>
            <FormType>dfm</FormType>
        </DCCReference>
        <DCCReference Include="App\Module\Document\Service\uDocument.Service.pas"/>
        <DCCReference Include="App\Module\Document\MemTable\uDocument.MTB.pas"/>
        <DCCReference Include="App\Module\PaymentTerm\View\uPaymentTerm.Index.View.pas">
            <Form>PaymentTermIndexView</Form>
            <FormType>dfm</FormType>
        </DCCReference>
        <DCCReference Include="App\Module\PaymentTerm\View\uPaymentTerm.CreateUpdate.View.pas">
            <Form>PaymentTermCreateUpdateView</Form>
            <FormType>dfm</FormType>
        </DCCReference>
        <DCCReference Include="App\Module\PaymentTerm\Service\uPaymentTerm.Service.pas"/>
        <DCCReference Include="App\Module\PaymentTerm\MemTable\uPaymentTerm.MTB.pas"/>
        <DCCReference Include="App\Module\ChartOfAccount\View\uChartOfAccount.Index.View.pas">
            <Form>ChartOfAccountIndexView</Form>
            <FormType>dfm</FormType>
        </DCCReference>
        <DCCReference Include="App\Module\ChartOfAccount\View\uChartOfAccount.CreateUpdate.View.pas">
            <Form>ChartOfAccountCreateUpdateView</Form>
            <FormType>dfm</FormType>
        </DCCReference>
        <DCCReference Include="App\Module\ChartOfAccount\Service\uChartOfAccount.Service.pas"/>
        <DCCReference Include="App\Module\ChartOfAccount\MemTable\uChartOfAccount.MTB.pas"/>
        <DCCReference Include="App\Module\OperationType\View\uOperationType.Index.View.pas">
            <Form>OperationTypeIndexView</Form>
            <FormType>dfm</FormType>
        </DCCReference>
        <DCCReference Include="App\Module\OperationType\View\uOperationType.CreateUpdate.View.pas">
            <Form>OperationTypeCreateUpdateView</Form>
            <FormType>dfm</FormType>
        </DCCReference>
        <DCCReference Include="App\Module\OperationType\Service\uOperationType.Service.pas"/>
        <DCCReference Include="App\Module\OperationType\MemTable\uOperationType.MTB.pas"/>
        <DCCReference Include="App\Module\CFOP\View\uCFOP.Index.View.pas">
            <Form>CFOPIndexView</Form>
            <FormType>dfm</FormType>
        </DCCReference>
        <DCCReference Include="App\Module\CFOP\View\uCFOP.CreateUpdate.View.pas">
            <Form>CFOPCreateUpdateView</Form>
            <FormType>dfm</FormType>
        </DCCReference>
        <DCCReference Include="App\Module\CFOP\Service\uCFOP.Service.pas"/>
        <DCCReference Include="App\Module\CFOP\MemTable\uCFOP.MTB.pas"/>
        <DCCReference Include="App\Module\TaxRule\View\uTaxRuleState.CreateUpdate.View.pas">
            <Form>TaxRuleStateCreateUpdateView</Form>
            <FormType>dfm</FormType>
        </DCCReference>
        <DCCReference Include="App\Module\TaxRule\View\uTaxRule.CreateUpdate.View.pas">
            <Form>TaxRuleCreateUpdateView</Form>
            <FormType>dfm</FormType>
        </DCCReference>
        <DCCReference Include="App\Module\TaxRule\MemTable\uTaxRule.MTB.pas"/>
        <DCCReference Include="App\Module\TaxRule\View\uTaxRule.Index.View.pas">
            <Form>TaxRuleIndexView</Form>
            <FormType>dfm</FormType>
        </DCCReference>
        <DCCReference Include="App\Module\TaxRule\Service\uTaxRule.Service.pas"/>
        <DCCReference Include="App\Module\Product\View\uProduct.Index.View.pas">
            <Form>ProductIndexView</Form>
            <FormType>dfm</FormType>
        </DCCReference>
        <DCCReference Include="App\Module\Product\View\uProduct.CreateUpdate.View.pas">
            <Form>ProductCreateUpdateView</Form>
            <FormType>dfm</FormType>
        </DCCReference>
        <DCCReference Include="App\Module\Product\Service\uProduct.Service.pas"/>
        <DCCReference Include="App\Module\Product\MemTable\uProduct.MTB.pas"/>
        <DCCReference Include="App\Module\BusinessProposal\View\uBusinessProposal.Index.View.pas">
            <Form>BusinessProposalIndexView</Form>
            <FormType>dfm</FormType>
        </DCCReference>
        <DCCReference Include="App\Module\BusinessProposal\Service\uBusinessProposal.Service.pas"/>
        <DCCReference Include="App\Module\BusinessProposal\View\uBusinessProposalItem.CreateUpdate.View.pas">
            <Form>BusinessProposalItemCreateUpdateView</Form>
            <FormType>dfm</FormType>
        </DCCReference>
        <DCCReference Include="App\Module\BusinessProposal\View\uBusinessProposal.CreateUpdate.View.pas">
            <Form>BusinessProposalCreateUpdateView</Form>
            <FormType>dfm</FormType>
        </DCCReference>
        <DCCReference Include="App\Module\BusinessProposal\MemTable\uBusinessProposal.MTB.pas"/>
        <DCCReference Include="App\Module\Person\Service\uPerson.TypeInput.pas"/>
        <BuildConfiguration Include="Release">
            <Key>Cfg_2</Key>
            <CfgParent>Base</CfgParent>
        </BuildConfiguration>
        <BuildConfiguration Include="Base">
            <Key>Base</Key>
        </BuildConfiguration>
        <BuildConfiguration Include="Debug">
            <Key>Cfg_1</Key>
            <CfgParent>Base</CfgParent>
        </BuildConfiguration>
    </ItemGroup>
    <ProjectExtensions>
        <Borland.Personality>Delphi.Personality.12</Borland.Personality>
        <Borland.ProjectType>Application</Borland.ProjectType>
        <BorlandProject>
            <Delphi.Personality>
                <Source>
                    <Source Name="MainSource">vcl.dpr</Source>
                </Source>
                <Excluded_Packages>
                    <Excluded_Packages Name="$(BDSBIN)\dcloffice2k250.bpl">Microsoft Office 2000 Sample Automation Server Wrapper Components</Excluded_Packages>
                    <Excluded_Packages Name="$(BDSBIN)\dclofficexp250.bpl">Microsoft Office XP Sample Automation Server Wrapper Components</Excluded_Packages>
                </Excluded_Packages>
            </Delphi.Personality>
            <Deployment Version="3">
                <DeployFile Condition="'$(SKIADIR)'!=''" Required="true" LocalName="$(SKIADIR)\Binary\Shared\Win64\sk4d.dll" Configuration="Debug" Class="Skia">
                    <Platform Name="Win64">
                        <RemoteDir>.\</RemoteDir>
                        <Operation>0</Operation>
                        <RemoteName>sk4d.dll</RemoteName>
                        <Overwrite>true</Overwrite>
                    </Platform>
                </DeployFile>
                <DeployFile LocalName="..\output\app\exec\Win32\Debug\vcl.exe" Configuration="Debug" Class="ProjectOutput">
                    <Platform Name="Win32">
                        <RemoteName>vcl.exe</RemoteName>
                        <Overwrite>true</Overwrite>
                    </Platform>
                </DeployFile>
                <DeployFile Condition="'$(SKIADIR)'!=''" Required="true" LocalName="$(SKIADIR)\Binary\Shared\Win32\sk4d.dll" Configuration="Release" Class="Skia">
                    <Platform Name="Win32">
                        <RemoteDir>.\</RemoteDir>
                        <Operation>0</Operation>
                        <RemoteName>sk4d.dll</RemoteName>
                        <Overwrite>true</Overwrite>
                    </Platform>
                </DeployFile>
                <DeployFile Condition="'$(SKIADIR)'!=''" Required="true" LocalName="$(SKIADIR)\Binary\Shared\Win64\sk4d.dll" Configuration="Release" Class="Skia">
                    <Platform Name="Win64">
                        <RemoteDir>.\</RemoteDir>
                        <Operation>0</Operation>
                        <RemoteName>sk4d.dll</RemoteName>
                        <Overwrite>true</Overwrite>
                    </Platform>
                </DeployFile>
                <DeployFile Condition="'$(SKIADIR)'!=''" Required="true" LocalName="$(SKIADIR)\Binary\Shared\Win32\sk4d.dll" Configuration="Debug" Class="Skia">
                    <Platform Name="Win32">
                        <RemoteDir>.\</RemoteDir>
                        <Operation>0</Operation>
                        <RemoteName>sk4d.dll</RemoteName>
                        <Overwrite>true</Overwrite>
                    </Platform>
                </DeployFile>
                <DeployClass Name="AdditionalDebugSymbols">
                    <Platform Name="iOSSimulator">
                        <Operation>1</Operation>
                    </Platform>
                    <Platform Name="OSX32">
                        <RemoteDir>Contents\MacOS</RemoteDir>
                        <Operation>1</Operation>
                    </Platform>
                    <Platform Name="Win32">
                        <RemoteDir>Contents\MacOS</RemoteDir>
                        <Operation>0</Operation>
                    </Platform>
                </DeployClass>
                <DeployClass Name="AndroidClassesDexFile">
                    <Platform Name="Android">
                        <RemoteDir>classes</RemoteDir>
                        <Operation>1</Operation>
                    </Platform>
                </DeployClass>
                <DeployClass Name="AndroidGDBServer">
                    <Platform Name="Android">
                        <RemoteDir>library\lib\armeabi-v7a</RemoteDir>
                        <Operation>1</Operation>
                    </Platform>
                </DeployClass>
                <DeployClass Name="AndroidLibnativeArmeabiFile">
                    <Platform Name="Android">
                        <RemoteDir>library\lib\armeabi</RemoteDir>
                        <Operation>1</Operation>
                    </Platform>
                </DeployClass>
                <DeployClass Name="AndroidLibnativeMipsFile">
                    <Platform Name="Android">
                        <RemoteDir>library\lib\mips</RemoteDir>
                        <Operation>1</Operation>
                    </Platform>
                </DeployClass>
                <DeployClass Name="AndroidServiceOutput">
                    <Platform Name="Android">
                        <RemoteDir>library\lib\armeabi-v7a</RemoteDir>
                        <Operation>1</Operation>
                    </Platform>
                </DeployClass>
                <DeployClass Name="AndroidSplashImageDef">
                    <Platform Name="Android">
                        <RemoteDir>res\drawable</RemoteDir>
                        <Operation>1</Operation>
                    </Platform>
                </DeployClass>
                <DeployClass Name="AndroidSplashStyles">
                    <Platform Name="Android">
                        <RemoteDir>res\values</RemoteDir>
                        <Operation>1</Operation>
                    </Platform>
                </DeployClass>
                <DeployClass Name="Android_DefaultAppIcon">
                    <Platform Name="Android">
                        <RemoteDir>res\drawable</RemoteDir>
                        <Operation>1</Operation>
                    </Platform>
                </DeployClass>
                <DeployClass Name="Android_LauncherIcon144">
                    <Platform Name="Android">
                        <RemoteDir>res\drawable-xxhdpi</RemoteDir>
                        <Operation>1</Operation>
                    </Platform>
                </DeployClass>
                <DeployClass Name="Android_LauncherIcon36">
                    <Platform Name="Android">
                        <RemoteDir>res\drawable-ldpi</RemoteDir>
                        <Operation>1</Operation>
                    </Platform>
                </DeployClass>
                <DeployClass Name="Android_LauncherIcon48">
                    <Platform Name="Android">
                        <RemoteDir>res\drawable-mdpi</RemoteDir>
                        <Operation>1</Operation>
                    </Platform>
                </DeployClass>
                <DeployClass Name="Android_LauncherIcon72">
                    <Platform Name="Android">
                        <RemoteDir>res\drawable-hdpi</RemoteDir>
                        <Operation>1</Operation>
                    </Platform>
                </DeployClass>
                <DeployClass Name="Android_LauncherIcon96">
                    <Platform Name="Android">
                        <RemoteDir>res\drawable-xhdpi</RemoteDir>
                        <Operation>1</Operation>
                    </Platform>
                </DeployClass>
                <DeployClass Name="Android_SplashImage426">
                    <Platform Name="Android">
                        <RemoteDir>res\drawable-small</RemoteDir>
                        <Operation>1</Operation>
                    </Platform>
                </DeployClass>
                <DeployClass Name="Android_SplashImage470">
                    <Platform Name="Android">
                        <RemoteDir>res\drawable-normal</RemoteDir>
                        <Operation>1</Operation>
                    </Platform>
                </DeployClass>
                <DeployClass Name="Android_SplashImage640">
                    <Platform Name="Android">
                        <RemoteDir>res\drawable-large</RemoteDir>
                        <Operation>1</Operation>
                    </Platform>
                </DeployClass>
                <DeployClass Name="Android_SplashImage960">
                    <Platform Name="Android">
                        <RemoteDir>res\drawable-xlarge</RemoteDir>
                        <Operation>1</Operation>
                    </Platform>
                </DeployClass>
                <DeployClass Name="DebugSymbols">
                    <Platform Name="iOSSimulator">
                        <Operation>1</Operation>
                    </Platform>
                    <Platform Name="OSX32">
                        <RemoteDir>Contents\MacOS</RemoteDir>
                        <Operation>1</Operation>
                    </Platform>
                    <Platform Name="Win32">
                        <Operation>0</Operation>
                    </Platform>
                </DeployClass>
                <DeployClass Name="DependencyFramework">
                    <Platform Name="OSX32">
                        <RemoteDir>Contents\MacOS</RemoteDir>
                        <Operation>1</Operation>
                        <Extensions>.framework</Extensions>
                    </Platform>
                    <Platform Name="Win32">
                        <Operation>0</Operation>
                    </Platform>
                </DeployClass>
                <DeployClass Name="DependencyModule">
                    <Platform Name="iOSDevice32">
                        <Operation>1</Operation>
                        <Extensions>.dylib</Extensions>
                    </Platform>
                    <Platform Name="iOSDevice64">
                        <Operation>1</Operation>
                        <Extensions>.dylib</Extensions>
                    </Platform>
                    <Platform Name="iOSSimulator">
                        <Operation>1</Operation>
                        <Extensions>.dylib</Extensions>
                    </Platform>
                    <Platform Name="OSX32">
                        <RemoteDir>Contents\MacOS</RemoteDir>
                        <Operation>1</Operation>
                        <Extensions>.dylib</Extensions>
                    </Platform>
                    <Platform Name="Win32">
                        <Operation>0</Operation>
                        <Extensions>.dll;.bpl</Extensions>
                    </Platform>
                </DeployClass>
                <DeployClass Required="true" Name="DependencyPackage">
                    <Platform Name="iOSDevice32">
                        <Operation>1</Operation>
                        <Extensions>.dylib</Extensions>
                    </Platform>
                    <Platform Name="iOSDevice64">
                        <Operation>1</Operation>
                        <Extensions>.dylib</Extensions>
                    </Platform>
                    <Platform Name="iOSSimulator">
                        <Operation>1</Operation>
                        <Extensions>.dylib</Extensions>
                    </Platform>
                    <Platform Name="OSX32">
                        <RemoteDir>Contents\MacOS</RemoteDir>
                        <Operation>1</Operation>
                        <Extensions>.dylib</Extensions>
                    </Platform>
                    <Platform Name="Win32">
                        <Operation>0</Operation>
                        <Extensions>.bpl</Extensions>
                    </Platform>
                </DeployClass>
                <DeployClass Name="File">
                    <Platform Name="Android">
                        <Operation>0</Operation>
                    </Platform>
                    <Platform Name="iOSDevice32">
                        <Operation>0</Operation>
                    </Platform>
                    <Platform Name="iOSDevice64">
                        <Operation>0</Operation>
                    </Platform>
                    <Platform Name="iOSSimulator">
                        <Operation>0</Operation>
                    </Platform>
                    <Platform Name="OSX32">
                        <RemoteDir>Contents\Resources\StartUp\</RemoteDir>
                        <Operation>0</Operation>
                    </Platform>
                    <Platform Name="Win32">
                        <Operation>0</Operation>
                    </Platform>
                </DeployClass>
                <DeployClass Name="iPad_Launch1024">
                    <Platform Name="iOSDevice32">
                        <Operation>1</Operation>
                    </Platform>
                    <Platform Name="iOSDevice64">
                        <Operation>1</Operation>
                    </Platform>
                    <Platform Name="iOSSimulator">
                        <Operation>1</Operation>
                    </Platform>
                </DeployClass>
                <DeployClass Name="iPad_Launch1536">
                    <Platform Name="iOSDevice32">
                        <Operation>1</Operation>
                    </Platform>
                    <Platform Name="iOSDevice64">
                        <Operation>1</Operation>
                    </Platform>
                    <Platform Name="iOSSimulator">
                        <Operation>1</Operation>
                    </Platform>
                </DeployClass>
                <DeployClass Name="iPad_Launch2048">
                    <Platform Name="iOSDevice32">
                        <Operation>1</Operation>
                    </Platform>
                    <Platform Name="iOSDevice64">
                        <Operation>1</Operation>
                    </Platform>
                    <Platform Name="iOSSimulator">
                        <Operation>1</Operation>
                    </Platform>
                </DeployClass>
                <DeployClass Name="iPad_Launch768">
                    <Platform Name="iOSDevice32">
                        <Operation>1</Operation>
                    </Platform>
                    <Platform Name="iOSDevice64">
                        <Operation>1</Operation>
                    </Platform>
                    <Platform Name="iOSSimulator">
                        <Operation>1</Operation>
                    </Platform>
                </DeployClass>
                <DeployClass Name="iPhone_Launch320">
                    <Platform Name="iOSDevice32">
                        <Operation>1</Operation>
                    </Platform>
                    <Platform Name="iOSDevice64">
                        <Operation>1</Operation>
                    </Platform>
                    <Platform Name="iOSSimulator">
                        <Operation>1</Operation>
                    </Platform>
                </DeployClass>
                <DeployClass Name="iPhone_Launch640">
                    <Platform Name="iOSDevice32">
                        <Operation>1</Operation>
                    </Platform>
                    <Platform Name="iOSDevice64">
                        <Operation>1</Operation>
                    </Platform>
                    <Platform Name="iOSSimulator">
                        <Operation>1</Operation>
                    </Platform>
                </DeployClass>
                <DeployClass Name="iPhone_Launch640x1136">
                    <Platform Name="iOSDevice32">
                        <Operation>1</Operation>
                    </Platform>
                    <Platform Name="iOSDevice64">
                        <Operation>1</Operation>
                    </Platform>
                    <Platform Name="iOSSimulator">
                        <Operation>1</Operation>
                    </Platform>
                </DeployClass>
                <DeployClass Name="ProjectAndroidManifest">
                    <Platform Name="Android">
                        <Operation>1</Operation>
                    </Platform>
                </DeployClass>
                <DeployClass Name="ProjectiOSDeviceDebug">
                    <Platform Name="iOSDevice32">
                        <RemoteDir>..\$(PROJECTNAME).app.dSYM\Contents\Resources\DWARF</RemoteDir>
                        <Operation>1</Operation>
                    </Platform>
                    <Platform Name="iOSDevice64">
                        <RemoteDir>..\$(PROJECTNAME).app.dSYM\Contents\Resources\DWARF</RemoteDir>
                        <Operation>1</Operation>
                    </Platform>
                </DeployClass>
                <DeployClass Name="ProjectiOSDeviceResourceRules">
                    <Platform Name="iOSDevice32">
                        <Operation>1</Operation>
                    </Platform>
                    <Platform Name="iOSDevice64">
                        <Operation>1</Operation>
                    </Platform>
                </DeployClass>
                <DeployClass Name="ProjectiOSEntitlements">
                    <Platform Name="iOSDevice32">
                        <RemoteDir>..\</RemoteDir>
                        <Operation>1</Operation>
                    </Platform>
                    <Platform Name="iOSDevice64">
                        <RemoteDir>..\</RemoteDir>
                        <Operation>1</Operation>
                    </Platform>
                </DeployClass>
                <DeployClass Name="ProjectiOSInfoPList">
                    <Platform Name="iOSDevice32">
                        <Operation>1</Operation>
                    </Platform>
                    <Platform Name="iOSDevice64">
                        <Operation>1</Operation>
                    </Platform>
                    <Platform Name="iOSSimulator">
                        <Operation>1</Operation>
                    </Platform>
                </DeployClass>
                <DeployClass Name="ProjectiOSResource">
                    <Platform Name="iOSDevice32">
                        <Operation>1</Operation>
                    </Platform>
                    <Platform Name="iOSDevice64">
                        <Operation>1</Operation>
                    </Platform>
                    <Platform Name="iOSSimulator">
                        <Operation>1</Operation>
                    </Platform>
                </DeployClass>
                <DeployClass Name="ProjectOSXEntitlements">
                    <Platform Name="OSX32">
                        <RemoteDir>..\</RemoteDir>
                        <Operation>1</Operation>
                    </Platform>
                </DeployClass>
                <DeployClass Name="ProjectOSXInfoPList">
                    <Platform Name="OSX32">
                        <RemoteDir>Contents</RemoteDir>
                        <Operation>1</Operation>
                    </Platform>
                </DeployClass>
                <DeployClass Name="ProjectOSXResource">
                    <Platform Name="OSX32">
                        <RemoteDir>Contents\Resources</RemoteDir>
                        <Operation>1</Operation>
                    </Platform>
                </DeployClass>
                <DeployClass Required="true" Name="ProjectOutput">
                    <Platform Name="Android">
                        <RemoteDir>library\lib\armeabi-v7a</RemoteDir>
                        <Operation>1</Operation>
                    </Platform>
                    <Platform Name="iOSDevice32">
                        <Operation>1</Operation>
                    </Platform>
                    <Platform Name="iOSDevice64">
                        <Operation>1</Operation>
                    </Platform>
                    <Platform Name="iOSSimulator">
                        <Operation>1</Operation>
                    </Platform>
                    <Platform Name="Linux64">
                        <Operation>1</Operation>
                    </Platform>
                    <Platform Name="OSX32">
                        <RemoteDir>Contents\MacOS</RemoteDir>
                        <Operation>1</Operation>
                    </Platform>
                    <Platform Name="Win32">
                        <Operation>0</Operation>
                    </Platform>
                </DeployClass>
                <DeployClass Name="ProjectUWPManifest">
                    <Platform Name="Win32">
                        <Operation>1</Operation>
                    </Platform>
                    <Platform Name="Win64">
                        <Operation>1</Operation>
                    </Platform>
                </DeployClass>
                <DeployClass Name="UWP_DelphiLogo150">
                    <Platform Name="Win32">
                        <RemoteDir>Assets</RemoteDir>
                        <Operation>1</Operation>
                    </Platform>
                    <Platform Name="Win64">
                        <RemoteDir>Assets</RemoteDir>
                        <Operation>1</Operation>
                    </Platform>
                </DeployClass>
                <DeployClass Name="UWP_DelphiLogo44">
                    <Platform Name="Win32">
                        <RemoteDir>Assets</RemoteDir>
                        <Operation>1</Operation>
                    </Platform>
                    <Platform Name="Win64">
                        <RemoteDir>Assets</RemoteDir>
                        <Operation>1</Operation>
                    </Platform>
                </DeployClass>
                <ProjectRoot Platform="iOSDevice64" Name="$(PROJECTNAME).app"/>
                <ProjectRoot Platform="Win64" Name="$(PROJECTNAME)"/>
                <ProjectRoot Platform="iOSDevice32" Name="$(PROJECTNAME).app"/>
                <ProjectRoot Platform="Linux64" Name="$(PROJECTNAME)"/>
                <ProjectRoot Platform="Win32" Name="$(PROJECTNAME)"/>
                <ProjectRoot Platform="OSX32" Name="$(PROJECTNAME).app"/>
                <ProjectRoot Platform="Android" Name="$(PROJECTNAME)"/>
                <ProjectRoot Platform="iOSSimulator" Name="$(PROJECTNAME).app"/>
            </Deployment>
            <Platforms>
                <Platform value="Win32">True</Platform>
                <Platform value="Win64">True</Platform>
            </Platforms>
        </BorlandProject>
        <ProjectFileVersion>12</ProjectFileVersion>
    </ProjectExtensions>
    <Import Project="$(BDS)\Bin\CodeGear.Delphi.Targets" Condition="Exists('$(BDS)\Bin\CodeGear.Delphi.Targets')"/>
    <Import Project="$(APPDATA)\Embarcadero\$(BDSAPPDATABASEDIR)\$(PRODUCTVERSION)\UserTools.proj" Condition="Exists('$(APPDATA)\Embarcadero\$(BDSAPPDATABASEDIR)\$(PRODUCTVERSION)\UserTools.proj')"/>
    <Import Project="$(MSBuildProjectName).deployproj" Condition="Exists('$(MSBuildProjectName).deployproj')"/>
</Project>
